
Microsoft Visual Studio Solution File, Format Version 12.00
# Visual Studio Version 17
VisualStudioVersion = 17.11.35222.181
MinimumVisualStudioVersion = 10.0.40219.1
Project("{2150E333-8FDC-42A3-9474-1A3956D46DE8}") = "Task0", "Task0", "{037FF4EA-2C11-4948-85D5-3FB9E8698743}"
EndProject
Project("{9A19103F-16F7-4668-BE54-9A1E7A4F7556}") = "Tyuiu.DonskoiIA.Sprint3.Task0.V16", "Tyuiu.DonskoiIA.Sprint3.Task0.V16\Tyuiu.DonskoiIA.Sprint3.Task0.V16.csproj", "{1443222C-8D3D-4FD4-B903-F45F61CED68F}"
EndProject
Project("{9A19103F-16F7-4668-BE54-9A1E7A4F7556}") = "Tyuiu.DonskoiIA.Sprint3.Task0.V16.Lib", "Tyuiu.DonskoiIA.Sprint3.Task0.V16.Lib\Tyuiu.DonskoiIA.Sprint3.Task0.V16.Lib.csproj", "{9A34C13A-867E-4AC2-AF21-C4AC021BFEBF}"
EndProject
Project("{9A19103F-16F7-4668-BE54-9A1E7A4F7556}") = "Tyuiu.DonskoiIA.Sprint3.Task0.V16.Test", "Tyuiu.DonskoiIA.Sprint3.Task0.V16.Test\Tyuiu.DonskoiIA.Sprint3.Task0.V16.Test.csproj", "{87A53266-49AF-46AB-BF85-0880B41D32E0}"
EndProject
Project("{2150E333-8FDC-42A3-9474-1A3956D46DE8}") = "Task1", "Task1", "{A766E682-E170-4FF6-9C26-174ACBB3077C}"
EndProject
Project("{9A19103F-16F7-4668-BE54-9A1E7A4F7556}") = "Tyuiu.DonskoiIA.Sprint3.Task1.V11", "Tyuiu.DonskoiIA.Sprint3.Task1.V11\Tyuiu.DonskoiIA.Sprint3.Task1.V11.csproj", "{4A238106-4CBA-43DE-9EC5-DF86F8CB28DD}"
EndProject
Project("{9A19103F-16F7-4668-BE54-9A1E7A4F7556}") = "Tyuiu.DonskoiIA.Sprint3.Task1.V11.Lib", "Tyuiu.DonskoiIA.Sprint3.Task1.V11.Lib\Tyuiu.DonskoiIA.Sprint3.Task1.V11.Lib.csproj", "{18B20D65-03D0-44ED-B8F3-3EE3BAC69E70}"
EndProject
Project("{9A19103F-16F7-4668-BE54-9A1E7A4F7556}") = "Tyuiu.DonskoiIA.Sprint3.Task1.V11.Test", "Tyuiu.DonskoiIA.Sprint3.Task1.V11.Test\Tyuiu.DonskoiIA.Sprint3.Task1.V11.Test.csproj", "{DAD4E29E-2E09-4AF9-B85F-0EB6F62506D3}"
EndProject
Project("{2150E333-8FDC-42A3-9474-1A3956D46DE8}") = "Task2", "Task2", "{63A7534D-6215-43D3-92BC-28F8672027A4}"
EndProject
Project("{9A19103F-16F7-4668-BE54-9A1E7A4F7556}") = "Tyuiu.DonskoiIA.Sprint3.Task2.V11", "Tyuiu.DonskoiIA.Sprint3.Task2.V11\Tyuiu.DonskoiIA.Sprint3.Task2.V11.csproj", "{9C57CB60-C974-4621-8DFE-8B64D56C9DC7}"
EndProject
Project("{9A19103F-16F7-4668-BE54-9A1E7A4F7556}") = "Tyuiu.DonskoiIA.Sprint3.Task2.V11.Lib", "Tyuiu.DonskoiIA.Sprint3.Task2.V11.Lib\Tyuiu.DonskoiIA.Sprint3.Task2.V11.Lib.csproj", "{4B0741BB-2848-4B92-9078-40D8FCF5E35A}"
EndProject
Project("{9A19103F-16F7-4668-BE54-9A1E7A4F7556}") = "Tyuiu.DonskoiIA.Sprint3.Task2.V11.Test", "Tyuiu.DonskoiIA.Sprint3.Task2.V11.Test\Tyuiu.DonskoiIA.Sprint3.Task2.V11.Test.csproj", "{2088A1F9-EA78-4CB9-B59E-6778A663535A}"
EndProject
Project("{2150E333-8FDC-42A3-9474-1A3956D46DE8}") = "Task3", "Task3", "{A94AED1E-2B79-4FA2-9252-F40E7F25F01D}"
EndProject
Project("{9A19103F-16F7-4668-BE54-9A1E7A4F7556}") = "Tyuiu.DonskoiIA.Sprint3.Task3.V24", "Tyuiu.DonskoiIA.Sprint3.Task3.V24\Tyuiu.DonskoiIA.Sprint3.Task3.V24.csproj", "{36F03AB0-595A-482D-8DD0-56372D1677D9}"
EndProject
Project("{9A19103F-16F7-4668-BE54-9A1E7A4F7556}") = "Tyuiu.DonskoiIA.Sprint3.Task3.V24.Lib", "Tyuiu.DonskoiIA.Sprint3.Task3.V24.Lib\Tyuiu.DonskoiIA.Sprint3.Task3.V24.Lib.csproj", "{CEFDC5E9-40C9-48D0-8F93-0275198A6BE2}"
EndProject
Project("{9A19103F-16F7-4668-BE54-9A1E7A4F7556}") = "Tyuiu.DonskoiIA.Sprint3.Task3.V24.Test", "Tyuiu.DonskoiIA.Sprint3.Task3.V24.Test\Tyuiu.DonskoiIA.Sprint3.Task3.V24.Test.csproj", "{6B1FEE93-A911-4F32-B847-9194954799FB}"
EndProject
Project("{2150E333-8FDC-42A3-9474-1A3956D46DE8}") = "Task4", "Task4", "{0B7FA0FF-FFB9-4031-81DD-C8E00EAC7E87}"
EndProject
Project("{9A19103F-16F7-4668-BE54-9A1E7A4F7556}") = "Tyuiu.DonskoiIA.Sprint3.Task4.V6", "Tyuiu.DonskoiIA.Sprint3.Task4.V6\Tyuiu.DonskoiIA.Sprint3.Task4.V6.csproj", "{58B44B55-CC8C-465B-B6CD-D04DA13552A6}"
EndProject
Project("{9A19103F-16F7-4668-BE54-9A1E7A4F7556}") = "Tyuiu.DonskoiIA.Sprint3.Task4.V6.Lib", "Tyuiu.DonskoiIA.Sprint3.Task4.V6.Lib\Tyuiu.DonskoiIA.Sprint3.Task4.V6.Lib.csproj", "{B149E7E5-4C3A-432C-BABA-19A2FB5B960F}"
EndProject
Project("{9A19103F-16F7-4668-BE54-9A1E7A4F7556}") = "Tyuiu.DonskoiIA.Sprint3.Task4.V6.Test", "Tyuiu.DonskoiIA.Sprint3.Task4.V6.Test\Tyuiu.DonskoiIA.Sprint3.Task4.V6.Test.csproj", "{5B9C8577-52E8-4DAD-AECB-B1CB1376250A}"
EndProject
Project("{2150E333-8FDC-42A3-9474-1A3956D46DE8}") = "Task5", "Task5", "{B5AFA64B-0E35-4752-A73C-3CBC63F208F1}"
EndProject
Project("{FAE04EC0-301F-11D3-BF4B-00C04F79EFBC}") = "Tyuiu.DonskoiIA.Sprint3.Task5.V1", "Tyuiu.DonskoiIA.Sprint3.Task5.V1\Tyuiu.DonskoiIA.Sprint3.Task5.V1.csproj", "{1F9FA5EE-CE2C-4ECC-BB97-EBCC43CA607D}"
EndProject
Project("{FAE04EC0-301F-11D3-BF4B-00C04F79EFBC}") = "Tyuiu.DonskoiIA.Sprint3.Task5.V1.Lib", "Tyuiu.DonskoiIA.Sprint3.Task5.V1.Lib\Tyuiu.DonskoiIA.Sprint3.Task5.V1.Lib.csproj", "{C3A42FF8-2348-4A49-8586-14CC7287069C}"
EndProject
Project("{FAE04EC0-301F-11D3-BF4B-00C04F79EFBC}") = "Tyuiu.DonskoiIA.Sprint3.Task5.V1.Test", "Tyuiu.DonskoiIA.Sprint3.Task5.V1.Test\Tyuiu.DonskoiIA.Sprint3.Task5.V1.Test.csproj", "{518A9FC8-587A-41F5-A41E-1476B4881DA9}"
EndProject
Project("{2150E333-8FDC-42A3-9474-1A3956D46DE8}") = "Task6", "Task6", "{7D86021F-62AF-420D-85BE-78A94BA2CEC0}"
EndProject
Project("{FAE04EC0-301F-11D3-BF4B-00C04F79EFBC}") = "Tyuiu.DonskoiIA.Sprint3.Task6.V1", "Tyuiu.DonskoiIA.Sprint3.Task6.V1\Tyuiu.DonskoiIA.Sprint3.Task6.V1.csproj", "{671225D4-8D58-4E6D-A94F-DA3D51D7DF16}"
EndProject
Project("{FAE04EC0-301F-11D3-BF4B-00C04F79EFBC}") = "Tyuiu.DonskoiIA.Sprint3.Task6.V1.Lib", "Tyuiu.DonskoiIA.Sprint3.Task6.V1.Lib\Tyuiu.DonskoiIA.Sprint3.Task6.V1.Lib.csproj", "{82243B20-A8FA-42D1-9A63-B4135C5F1EE6}"
EndProject
Project("{FAE04EC0-301F-11D3-BF4B-00C04F79EFBC}") = "Tyuiu.DonskoiIA.Sprint3.Task6.V1.Test", "Tyuiu.DonskoiIA.Sprint3.Task6.V1.Test\Tyuiu.DonskoiIA.Sprint3.Task6.V1.Test.csproj", "{9B042EEB-C53A-4CCE-8805-CA465B5420D9}"
EndProject
Project("{2150E333-8FDC-42A3-9474-1A3956D46DE8}") = "Task7", "Task7", "{E1B4CE81-9E1C-4877-BC12-5234A34B4D57}"
EndProject
Project("{FAE04EC0-301F-11D3-BF4B-00C04F79EFBC}") = "Tyuiu.DonskoiIA.Sprint3.Task7.V18", "Tyuiu.DonskoiIA.Sprint3.Task7.V18\Tyuiu.DonskoiIA.Sprint3.Task7.V18.csproj", "{564D8974-668C-499B-BDF5-ACEA09EAF579}"
EndProject
Project("{FAE04EC0-301F-11D3-BF4B-00C04F79EFBC}") = "Tyuiu.DonskoiIA.Sprint3.Task7.V18.Lib", "Tyuiu.DonskoiIA.Sprint3.Task7.V18.Lib\Tyuiu.DonskoiIA.Sprint3.Task7.V18.Lib.csproj", "{FCF03E2D-57EC-4C3F-A6FD-33F671B45830}"
EndProject
Project("{FAE04EC0-301F-11D3-BF4B-00C04F79EFBC}") = "Tyuiu.DonskoiIA.Sprint3.Task7.V18.Test", "Tyuiu.DonskoiIA.Sprint3.Task7.V18.Test\Tyuiu.DonskoiIA.Sprint3.Task7.V18.Test.csproj", "{0688229A-CC2A-4CDD-A1D3-19DBFBC25EAA}"
EndProject
Global
	GlobalSection(SolutionConfigurationPlatforms) = preSolution
		Debug|Any CPU = Debug|Any CPU
		Release|Any CPU = Release|Any CPU
	EndGlobalSection
	GlobalSection(ProjectConfigurationPlatforms) = postSolution
		{1443222C-8D3D-4FD4-B903-F45F61CED68F}.Debug|Any CPU.ActiveCfg = Debug|Any CPU
		{1443222C-8D3D-4FD4-B903-F45F61CED68F}.Debug|Any CPU.Build.0 = Debug|Any CPU
		{1443222C-8D3D-4FD4-B903-F45F61CED68F}.Release|Any CPU.ActiveCfg = Release|Any CPU
		{1443222C-8D3D-4FD4-B903-F45F61CED68F}.Release|Any CPU.Build.0 = Release|Any CPU
		{9A34C13A-867E-4AC2-AF21-C4AC021BFEBF}.Debug|Any CPU.ActiveCfg = Debug|Any CPU
		{9A34C13A-867E-4AC2-AF21-C4AC021BFEBF}.Debug|Any CPU.Build.0 = Debug|Any CPU
		{9A34C13A-867E-4AC2-AF21-C4AC021BFEBF}.Release|Any CPU.ActiveCfg = Release|Any CPU
		{9A34C13A-867E-4AC2-AF21-C4AC021BFEBF}.Release|Any CPU.Build.0 = Release|Any CPU
		{87A53266-49AF-46AB-BF85-0880B41D32E0}.Debug|Any CPU.ActiveCfg = Debug|Any CPU
		{87A53266-49AF-46AB-BF85-0880B41D32E0}.Debug|Any CPU.Build.0 = Debug|Any CPU
		{87A53266-49AF-46AB-BF85-0880B41D32E0}.Release|Any CPU.ActiveCfg = Release|Any CPU
		{87A53266-49AF-46AB-BF85-0880B41D32E0}.Release|Any CPU.Build.0 = Release|Any CPU
		{4A238106-4CBA-43DE-9EC5-DF86F8CB28DD}.Debug|Any CPU.ActiveCfg = Debug|Any CPU
		{4A238106-4CBA-43DE-9EC5-DF86F8CB28DD}.Debug|Any CPU.Build.0 = Debug|Any CPU
		{4A238106-4CBA-43DE-9EC5-DF86F8CB28DD}.Release|Any CPU.ActiveCfg = Release|Any CPU
		{4A238106-4CBA-43DE-9EC5-DF86F8CB28DD}.Release|Any CPU.Build.0 = Release|Any CPU
		{18B20D65-03D0-44ED-B8F3-3EE3BAC69E70}.Debug|Any CPU.ActiveCfg = Debug|Any CPU
		{18B20D65-03D0-44ED-B8F3-3EE3BAC69E70}.Debug|Any CPU.Build.0 = Debug|Any CPU
		{18B20D65-03D0-44ED-B8F3-3EE3BAC69E70}.Release|Any CPU.ActiveCfg = Release|Any CPU
		{18B20D65-03D0-44ED-B8F3-3EE3BAC69E70}.Release|Any CPU.Build.0 = Release|Any CPU
		{DAD4E29E-2E09-4AF9-B85F-0EB6F62506D3}.Debug|Any CPU.ActiveCfg = Debug|Any CPU
		{DAD4E29E-2E09-4AF9-B85F-0EB6F62506D3}.Debug|Any CPU.Build.0 = Debug|Any CPU
		{DAD4E29E-2E09-4AF9-B85F-0EB6F62506D3}.Release|Any CPU.ActiveCfg = Release|Any CPU
		{DAD4E29E-2E09-4AF9-B85F-0EB6F62506D3}.Release|Any CPU.Build.0 = Release|Any CPU
		{9C57CB60-C974-4621-8DFE-8B64D56C9DC7}.Debug|Any CPU.ActiveCfg = Debug|Any CPU
		{9C57CB60-C974-4621-8DFE-8B64D56C9DC7}.Debug|Any CPU.Build.0 = Debug|Any CPU
		{9C57CB60-C974-4621-8DFE-8B64D56C9DC7}.Release|Any CPU.ActiveCfg = Release|Any CPU
		{9C57CB60-C974-4621-8DFE-8B64D56C9DC7}.Release|Any CPU.Build.0 = Release|Any CPU
		{4B0741BB-2848-4B92-9078-40D8FCF5E35A}.Debug|Any CPU.ActiveCfg = Debug|Any CPU
		{4B0741BB-2848-4B92-9078-40D8FCF5E35A}.Debug|Any CPU.Build.0 = Debug|Any CPU
		{4B0741BB-2848-4B92-9078-40D8FCF5E35A}.Release|Any CPU.ActiveCfg = Release|Any CPU
		{4B0741BB-2848-4B92-9078-40D8FCF5E35A}.Release|Any CPU.Build.0 = Release|Any CPU
		{2088A1F9-EA78-4CB9-B59E-6778A663535A}.Debug|Any CPU.ActiveCfg = Debug|Any CPU
		{2088A1F9-EA78-4CB9-B59E-6778A663535A}.Debug|Any CPU.Build.0 = Debug|Any CPU
		{2088A1F9-EA78-4CB9-B59E-6778A663535A}.Release|Any CPU.ActiveCfg = Release|Any CPU
		{2088A1F9-EA78-4CB9-B59E-6778A663535A}.Release|Any CPU.Build.0 = Release|Any CPU
		{36F03AB0-595A-482D-8DD0-56372D1677D9}.Debug|Any CPU.ActiveCfg = Debug|Any CPU
		{36F03AB0-595A-482D-8DD0-56372D1677D9}.Debug|Any CPU.Build.0 = Debug|Any CPU
		{36F03AB0-595A-482D-8DD0-56372D1677D9}.Release|Any CPU.ActiveCfg = Release|Any CPU
		{36F03AB0-595A-482D-8DD0-56372D1677D9}.Release|Any CPU.Build.0 = Release|Any CPU
		{CEFDC5E9-40C9-48D0-8F93-0275198A6BE2}.Debug|Any CPU.ActiveCfg = Debug|Any CPU
		{CEFDC5E9-40C9-48D0-8F93-0275198A6BE2}.Debug|Any CPU.Build.0 = Debug|Any CPU
		{CEFDC5E9-40C9-48D0-8F93-0275198A6BE2}.Release|Any CPU.ActiveCfg = Release|Any CPU
		{CEFDC5E9-40C9-48D0-8F93-0275198A6BE2}.Release|Any CPU.Build.0 = Release|Any CPU
		{6B1FEE93-A911-4F32-B847-9194954799FB}.Debug|Any CPU.ActiveCfg = Debug|Any CPU
		{6B1FEE93-A911-4F32-B847-9194954799FB}.Debug|Any CPU.Build.0 = Debug|Any CPU
		{6B1FEE93-A911-4F32-B847-9194954799FB}.Release|Any CPU.ActiveCfg = Release|Any CPU
		{6B1FEE93-A911-4F32-B847-9194954799FB}.Release|Any CPU.Build.0 = Release|Any CPU
		{58B44B55-CC8C-465B-B6CD-D04DA13552A6}.Debug|Any CPU.ActiveCfg = Debug|Any CPU
		{58B44B55-CC8C-465B-B6CD-D04DA13552A6}.Debug|Any CPU.Build.0 = Debug|Any CPU
		{58B44B55-CC8C-465B-B6CD-D04DA13552A6}.Release|Any CPU.ActiveCfg = Release|Any CPU
		{58B44B55-CC8C-465B-B6CD-D04DA13552A6}.Release|Any CPU.Build.0 = Release|Any CPU
		{B149E7E5-4C3A-432C-BABA-19A2FB5B960F}.Debug|Any CPU.ActiveCfg = Debug|Any CPU
		{B149E7E5-4C3A-432C-BABA-19A2FB5B960F}.Debug|Any CPU.Build.0 = Debug|Any CPU
		{B149E7E5-4C3A-432C-BABA-19A2FB5B960F}.Release|Any CPU.ActiveCfg = Release|Any CPU
		{B149E7E5-4C3A-432C-BABA-19A2FB5B960F}.Release|Any CPU.Build.0 = Release|Any CPU
		{5B9C8577-52E8-4DAD-AECB-B1CB1376250A}.Debug|Any CPU.ActiveCfg = Debug|Any CPU
		{5B9C8577-52E8-4DAD-AECB-B1CB1376250A}.Debug|Any CPU.Build.0 = Debug|Any CPU
		{5B9C8577-52E8-4DAD-AECB-B1CB1376250A}.Release|Any CPU.ActiveCfg = Release|Any CPU
		{5B9C8577-52E8-4DAD-AECB-B1CB1376250A}.Release|Any CPU.Build.0 = Release|Any CPU
		{1F9FA5EE-CE2C-4ECC-BB97-EBCC43CA607D}.Debug|Any CPU.ActiveCfg = Debug|Any CPU
		{1F9FA5EE-CE2C-4ECC-BB97-EBCC43CA607D}.Debug|Any CPU.Build.0 = Debug|Any CPU
		{1F9FA5EE-CE2C-4ECC-BB97-EBCC43CA607D}.Release|Any CPU.ActiveCfg = Release|Any CPU
		{1F9FA5EE-CE2C-4ECC-BB97-EBCC43CA607D}.Release|Any CPU.Build.0 = Release|Any CPU
		{C3A42FF8-2348-4A49-8586-14CC7287069C}.Debug|Any CPU.ActiveCfg = Debug|Any CPU
		{C3A42FF8-2348-4A49-8586-14CC7287069C}.Debug|Any CPU.Build.0 = Debug|Any CPU
		{C3A42FF8-2348-4A49-8586-14CC7287069C}.Release|Any CPU.ActiveCfg = Release|Any CPU
		{C3A42FF8-2348-4A49-8586-14CC7287069C}.Release|Any CPU.Build.0 = Release|Any CPU
		{518A9FC8-587A-41F5-A41E-1476B4881DA9}.Debug|Any CPU.ActiveCfg = Debug|Any CPU
		{518A9FC8-587A-41F5-A41E-1476B4881DA9}.Debug|Any CPU.Build.0 = Debug|Any CPU
		{518A9FC8-587A-41F5-A41E-1476B4881DA9}.Release|Any CPU.ActiveCfg = Release|Any CPU
		{518A9FC8-587A-41F5-A41E-1476B4881DA9}.Release|Any CPU.Build.0 = Release|Any CPU
		{671225D4-8D58-4E6D-A94F-DA3D51D7DF16}.Debug|Any CPU.ActiveCfg = Debug|Any CPU
		{671225D4-8D58-4E6D-A94F-DA3D51D7DF16}.Debug|Any CPU.Build.0 = Debug|Any CPU
		{671225D4-8D58-4E6D-A94F-DA3D51D7DF16}.Release|Any CPU.ActiveCfg = Release|Any CPU
		{671225D4-8D58-4E6D-A94F-DA3D51D7DF16}.Release|Any CPU.Build.0 = Release|Any CPU
		{82243B20-A8FA-42D1-9A63-B4135C5F1EE6}.Debug|Any CPU.ActiveCfg = Debug|Any CPU
		{82243B20-A8FA-42D1-9A63-B4135C5F1EE6}.Debug|Any CPU.Build.0 = Debug|Any CPU
		{82243B20-A8FA-42D1-9A63-B4135C5F1EE6}.Release|Any CPU.ActiveCfg = Release|Any CPU
		{82243B20-A8FA-42D1-9A63-B4135C5F1EE6}.Release|Any CPU.Build.0 = Release|Any CPU
		{9B042EEB-C53A-4CCE-8805-CA465B5420D9}.Debug|Any CPU.ActiveCfg = Debug|Any CPU
		{9B042EEB-C53A-4CCE-8805-CA465B5420D9}.Debug|Any CPU.Build.0 = Debug|Any CPU
		{9B042EEB-C53A-4CCE-8805-CA465B5420D9}.Release|Any CPU.ActiveCfg = Release|Any CPU
		{9B042EEB-C53A-4CCE-8805-CA465B5420D9}.Release|Any CPU.Build.0 = Release|Any CPU
		{564D8974-668C-499B-BDF5-ACEA09EAF579}.Debug|Any CPU.ActiveCfg = Debug|Any CPU
		{564D8974-668C-499B-BDF5-ACEA09EAF579}.Debug|Any CPU.Build.0 = Debug|Any CPU
		{564D8974-668C-499B-BDF5-ACEA09EAF579}.Release|Any CPU.ActiveCfg = Release|Any CPU
		{564D8974-668C-499B-BDF5-ACEA09EAF579}.Release|Any CPU.Build.0 = Release|Any CPU
		{FCF03E2D-57EC-4C3F-A6FD-33F671B45830}.Debug|Any CPU.ActiveCfg = Debug|Any CPU
		{FCF03E2D-57EC-4C3F-A6FD-33F671B45830}.Debug|Any CPU.Build.0 = Debug|Any CPU
		{FCF03E2D-57EC-4C3F-A6FD-33F671B45830}.Release|Any CPU.ActiveCfg = Release|Any CPU
		{FCF03E2D-57EC-4C3F-A6FD-33F671B45830}.Release|Any CPU.Build.0 = Release|Any CPU
		{0688229A-CC2A-4CDD-A1D3-19DBFBC25EAA}.Debug|Any CPU.ActiveCfg = Debug|Any CPU
		{0688229A-CC2A-4CDD-A1D3-19DBFBC25EAA}.Debug|Any CPU.Build.0 = Debug|Any CPU
		{0688229A-CC2A-4CDD-A1D3-19DBFBC25EAA}.Release|Any CPU.ActiveCfg = Release|Any CPU
		{0688229A-CC2A-4CDD-A1D3-19DBFBC25EAA}.Release|Any CPU.Build.0 = Release|Any CPU
	EndGlobalSection
	GlobalSection(SolutionProperties) = preSolution
		HideSolutionNode = FALSE
	EndGlobalSection
	GlobalSection(NestedProjects) = preSolution
		{1443222C-8D3D-4FD4-B903-F45F61CED68F} = {037FF4EA-2C11-4948-85D5-3FB9E8698743}
		{9A34C13A-867E-4AC2-AF21-C4AC021BFEBF} = {037FF4EA-2C11-4948-85D5-3FB9E8698743}
		{87A53266-49AF-46AB-BF85-0880B41D32E0} = {037FF4EA-2C11-4948-85D5-3FB9E8698743}
		{4A238106-4CBA-43DE-9EC5-DF86F8CB28DD} = {A766E682-E170-4FF6-9C26-174ACBB3077C}
		{18B20D65-03D0-44ED-B8F3-3EE3BAC69E70} = {A766E682-E170-4FF6-9C26-174ACBB3077C}
		{DAD4E29E-2E09-4AF9-B85F-0EB6F62506D3} = {A766E682-E170-4FF6-9C26-174ACBB3077C}
		{9C57CB60-C974-4621-8DFE-8B64D56C9DC7} = {63A7534D-6215-43D3-92BC-28F8672027A4}
		{4B0741BB-2848-4B92-9078-40D8FCF5E35A} = {63A7534D-6215-43D3-92BC-28F8672027A4}
		{2088A1F9-EA78-4CB9-B59E-6778A663535A} = {63A7534D-6215-43D3-92BC-28F8672027A4}
		{36F03AB0-595A-482D-8DD0-56372D1677D9} = {A94AED1E-2B79-4FA2-9252-F40E7F25F01D}
		{CEFDC5E9-40C9-48D0-8F93-0275198A6BE2} = {A94AED1E-2B79-4FA2-9252-F40E7F25F01D}
		{6B1FEE93-A911-4F32-B847-9194954799FB} = {A94AED1E-2B79-4FA2-9252-F40E7F25F01D}
		{58B44B55-CC8C-465B-B6CD-D04DA13552A6} = {0B7FA0FF-FFB9-4031-81DD-C8E00EAC7E87}
		{B149E7E5-4C3A-432C-BABA-19A2FB5B960F} = {0B7FA0FF-FFB9-4031-81DD-C8E00EAC7E87}
		{5B9C8577-52E8-4DAD-AECB-B1CB1376250A} = {0B7FA0FF-FFB9-4031-81DD-C8E00EAC7E87}
		{1F9FA5EE-CE2C-4ECC-BB97-EBCC43CA607D} = {B5AFA64B-0E35-4752-A73C-3CBC63F208F1}
		{C3A42FF8-2348-4A49-8586-14CC7287069C} = {B5AFA64B-0E35-4752-A73C-3CBC63F208F1}
		{518A9FC8-587A-41F5-A41E-1476B4881DA9} = {B5AFA64B-0E35-4752-A73C-3CBC63F208F1}
		{671225D4-8D58-4E6D-A94F-DA3D51D7DF16} = {7D86021F-62AF-420D-85BE-78A94BA2CEC0}
		{82243B20-A8FA-42D1-9A63-B4135C5F1EE6} = {7D86021F-62AF-420D-85BE-78A94BA2CEC0}
		{9B042EEB-C53A-4CCE-8805-CA465B5420D9} = {7D86021F-62AF-420D-85BE-78A94BA2CEC0}
		{564D8974-668C-499B-BDF5-ACEA09EAF579} = {E1B4CE81-9E1C-4877-BC12-5234A34B4D57}
		{FCF03E2D-57EC-4C3F-A6FD-33F671B45830} = {E1B4CE81-9E1C-4877-BC12-5234A34B4D57}
		{0688229A-CC2A-4CDD-A1D3-19DBFBC25EAA} = {E1B4CE81-9E1C-4877-BC12-5234A34B4D57}
	EndGlobalSection
	GlobalSection(ExtensibilityGlobals) = postSolution
		SolutionGuid = {060727B2-4B8B-4F32-AEA8-53FA32C8D589}
	EndGlobalSection
EndGlobal
